
Microsoft Visual Studio Solution File, Format Version 12.00
# Visual Studio Version 16
VisualStudioVersion = 16.0.29409.12
MinimumVisualStudioVersion = 10.0.40219.1
Project("{2150E333-8FDC-42A3-9474-1A3956D46DE8}") = "Infrastructure", "Infrastructure", "{CAB97653-230A-402B-865C-0A59C699F295}"
EndProject
Project("{FAE04EC0-301F-11D3-BF4B-00C04F79EFBC}") = "TestUtils", "Infrastructure\TestUtils\TestUtils.csproj", "{8A1EEF2D-7BDE-4FE1-9177-B9A47F06E961}"
EndProject
Project("{9A19103F-16F7-4668-BE54-9A1E7A4F7556}") = "Bus.Lib", "Infrastructure\Bus.Lib\Bus.Lib.csproj", "{87EB67CD-F570-4061-99DA-543D84E3B83A}"
EndProject
Project("{9A19103F-16F7-4668-BE54-9A1E7A4F7556}") = "Crud.Lib", "Infrastructure\Crud.Lib\Crud.Lib.csproj", "{4D1DD678-1F28-4DA0-89A4-7C62F2281A5E}"
EndProject
Project("{9A19103F-16F7-4668-BE54-9A1E7A4F7556}") = "Scheduler.Lib", "Infrastructure\Scheduler.Lib\Scheduler.Lib.csproj", "{13D14FD5-A260-4B2F-8311-B44ADD6D1ACB}"
EndProject
Project("{9A19103F-16F7-4668-BE54-9A1E7A4F7556}") = "InMemory.Lib", "Infrastructure\InMemory.Lib\InMemory.Lib.csproj", "{51AE7B17-7548-47BD-9AE8-3C1D88513F5E}"
EndProject
Project("{FAE04EC0-301F-11D3-BF4B-00C04F79EFBC}") = "InMemory.Test", "Infrastructure\InMemory.Test\InMemory.Test.csproj", "{0F09C82D-7B15-48D9-AA6F-1B927329D14A}"
EndProject
Project("{9A19103F-16F7-4668-BE54-9A1E7A4F7556}") = "Es.Lib", "Infrastructure\Es.Lib\Es.Lib.csproj", "{D9EFAFC9-1930-46C7-A961-77C914B9C643}"
EndProject
Project("{9A19103F-16F7-4668-BE54-9A1E7A4F7556}") = "EsInMemory.Lib", "Infrastructure\EsInMemory.Lib\EsInMemory.Lib.csproj", "{F7B69A1A-151A-4487-9DD0-1E4D0CFFC617}"
EndProject
Project("{2150E333-8FDC-42A3-9474-1A3956D46DE8}") = "ES-01-SimpleProjection", "ES-01-SimpleProjection", "{7390CD33-0012-48B0-8CA7-74EE44924542}"
EndProject
Project("{9A19103F-16F7-4668-BE54-9A1E7A4F7556}") = "Inventory.Shared", "ES-01\Inventory.Shared\Inventory.Shared.csproj", "{1C4506A3-1DA9-4DC2-98D6-2572CC5EB8CB}"
EndProject
Project("{9A19103F-16F7-4668-BE54-9A1E7A4F7556}") = "Inventory.Domain", "ES-01\Inventory.Domain\Inventory.Domain.csproj", "{DC605DA0-E29D-4652-BAC2-4CD61C046065}"
EndProject
Project("{9A19103F-16F7-4668-BE54-9A1E7A4F7556}") = "Inventory.Projections", "ES-01\Inventory.Projections\Inventory.Projections.csproj", "{4F772ADB-2013-407E-A4DC-E5A71BEE66F9}"
EndProject
Project("{FAE04EC0-301F-11D3-BF4B-00C04F79EFBC}") = "CQRSGui", "ES-01\CQRSGui\CQRSGui.csproj", "{9F429129-84B6-440C-A789-2EFE4CB62930}"
EndProject
Project("{2150E333-8FDC-42A3-9474-1A3956D46DE8}") = "ES-02-Snapshots", "ES-02-Snapshots", "{FAB0DF13-DE4B-4F6F-9158-7A3145B31DCA}"
EndProject
Project("{9A19103F-16F7-4668-BE54-9A1E7A4F7556}") = "Inventory.Shared", "ES-02\Inventory.Shared\Inventory.Shared.csproj", "{50687E71-F68D-4A98-9EC7-141F033274E0}"
EndProject
Project("{9A19103F-16F7-4668-BE54-9A1E7A4F7556}") = "Inventory.Domain", "ES-02\Inventory.Domain\Inventory.Domain.csproj", "{DE7A6DE5-33A9-481E-8C7C-591A2F9E2006}"
EndProject
Project("{FAE04EC0-301F-11D3-BF4B-00C04F79EFBC}") = "Inventory.Test", "ES-01\Inventory.Test\Inventory.Test.csproj", "{42185633-143F-4898-90CB-196BA568E862}"
EndProject
Global
	GlobalSection(SolutionConfigurationPlatforms) = preSolution
		Debug|Any CPU = Debug|Any CPU
		Release|Any CPU = Release|Any CPU
	EndGlobalSection
	GlobalSection(ProjectConfigurationPlatforms) = postSolution
		{8A1EEF2D-7BDE-4FE1-9177-B9A47F06E961}.Debug|Any CPU.ActiveCfg = Debug|Any CPU
		{8A1EEF2D-7BDE-4FE1-9177-B9A47F06E961}.Debug|Any CPU.Build.0 = Debug|Any CPU
		{8A1EEF2D-7BDE-4FE1-9177-B9A47F06E961}.Release|Any CPU.ActiveCfg = Release|Any CPU
		{8A1EEF2D-7BDE-4FE1-9177-B9A47F06E961}.Release|Any CPU.Build.0 = Release|Any CPU
		{87EB67CD-F570-4061-99DA-543D84E3B83A}.Debug|Any CPU.ActiveCfg = Debug|Any CPU
		{87EB67CD-F570-4061-99DA-543D84E3B83A}.Debug|Any CPU.Build.0 = Debug|Any CPU
		{87EB67CD-F570-4061-99DA-543D84E3B83A}.Release|Any CPU.ActiveCfg = Release|Any CPU
		{87EB67CD-F570-4061-99DA-543D84E3B83A}.Release|Any CPU.Build.0 = Release|Any CPU
		{4D1DD678-1F28-4DA0-89A4-7C62F2281A5E}.Debug|Any CPU.ActiveCfg = Debug|Any CPU
		{4D1DD678-1F28-4DA0-89A4-7C62F2281A5E}.Debug|Any CPU.Build.0 = Debug|Any CPU
		{4D1DD678-1F28-4DA0-89A4-7C62F2281A5E}.Release|Any CPU.ActiveCfg = Release|Any CPU
		{4D1DD678-1F28-4DA0-89A4-7C62F2281A5E}.Release|Any CPU.Build.0 = Release|Any CPU
		{13D14FD5-A260-4B2F-8311-B44ADD6D1ACB}.Debug|Any CPU.ActiveCfg = Debug|Any CPU
		{13D14FD5-A260-4B2F-8311-B44ADD6D1ACB}.Debug|Any CPU.Build.0 = Debug|Any CPU
		{13D14FD5-A260-4B2F-8311-B44ADD6D1ACB}.Release|Any CPU.ActiveCfg = Release|Any CPU
		{13D14FD5-A260-4B2F-8311-B44ADD6D1ACB}.Release|Any CPU.Build.0 = Release|Any CPU
		{51AE7B17-7548-47BD-9AE8-3C1D88513F5E}.Debug|Any CPU.ActiveCfg = Debug|Any CPU
		{51AE7B17-7548-47BD-9AE8-3C1D88513F5E}.Debug|Any CPU.Build.0 = Debug|Any CPU
		{51AE7B17-7548-47BD-9AE8-3C1D88513F5E}.Release|Any CPU.ActiveCfg = Release|Any CPU
		{51AE7B17-7548-47BD-9AE8-3C1D88513F5E}.Release|Any CPU.Build.0 = Release|Any CPU
		{0F09C82D-7B15-48D9-AA6F-1B927329D14A}.Debug|Any CPU.ActiveCfg = Debug|Any CPU
		{0F09C82D-7B15-48D9-AA6F-1B927329D14A}.Debug|Any CPU.Build.0 = Debug|Any CPU
		{0F09C82D-7B15-48D9-AA6F-1B927329D14A}.Release|Any CPU.ActiveCfg = Release|Any CPU
		{0F09C82D-7B15-48D9-AA6F-1B927329D14A}.Release|Any CPU.Build.0 = Release|Any CPU
		{D9EFAFC9-1930-46C7-A961-77C914B9C643}.Debug|Any CPU.ActiveCfg = Debug|Any CPU
		{D9EFAFC9-1930-46C7-A961-77C914B9C643}.Debug|Any CPU.Build.0 = Debug|Any CPU
		{D9EFAFC9-1930-46C7-A961-77C914B9C643}.Release|Any CPU.ActiveCfg = Release|Any CPU
		{D9EFAFC9-1930-46C7-A961-77C914B9C643}.Release|Any CPU.Build.0 = Release|Any CPU
		{F7B69A1A-151A-4487-9DD0-1E4D0CFFC617}.Debug|Any CPU.ActiveCfg = Debug|Any CPU
		{F7B69A1A-151A-4487-9DD0-1E4D0CFFC617}.Debug|Any CPU.Build.0 = Debug|Any CPU
		{F7B69A1A-151A-4487-9DD0-1E4D0CFFC617}.Release|Any CPU.ActiveCfg = Release|Any CPU
		{F7B69A1A-151A-4487-9DD0-1E4D0CFFC617}.Release|Any CPU.Build.0 = Release|Any CPU
		{1C4506A3-1DA9-4DC2-98D6-2572CC5EB8CB}.Debug|Any CPU.ActiveCfg = Debug|Any CPU
		{1C4506A3-1DA9-4DC2-98D6-2572CC5EB8CB}.Debug|Any CPU.Build.0 = Debug|Any CPU
		{1C4506A3-1DA9-4DC2-98D6-2572CC5EB8CB}.Release|Any CPU.ActiveCfg = Release|Any CPU
		{1C4506A3-1DA9-4DC2-98D6-2572CC5EB8CB}.Release|Any CPU.Build.0 = Release|Any CPU
		{DC605DA0-E29D-4652-BAC2-4CD61C046065}.Debug|Any CPU.ActiveCfg = Debug|Any CPU
		{DC605DA0-E29D-4652-BAC2-4CD61C046065}.Debug|Any CPU.Build.0 = Debug|Any CPU
		{DC605DA0-E29D-4652-BAC2-4CD61C046065}.Release|Any CPU.ActiveCfg = Release|Any CPU
		{DC605DA0-E29D-4652-BAC2-4CD61C046065}.Release|Any CPU.Build.0 = Release|Any CPU
		{4F772ADB-2013-407E-A4DC-E5A71BEE66F9}.Debug|Any CPU.ActiveCfg = Debug|Any CPU
		{4F772ADB-2013-407E-A4DC-E5A71BEE66F9}.Debug|Any CPU.Build.0 = Debug|Any CPU
		{4F772ADB-2013-407E-A4DC-E5A71BEE66F9}.Release|Any CPU.ActiveCfg = Release|Any CPU
		{4F772ADB-2013-407E-A4DC-E5A71BEE66F9}.Release|Any CPU.Build.0 = Release|Any CPU
		{9F429129-84B6-440C-A789-2EFE4CB62930}.Debug|Any CPU.ActiveCfg = Debug|Any CPU
		{9F429129-84B6-440C-A789-2EFE4CB62930}.Debug|Any CPU.Build.0 = Debug|Any CPU
		{9F429129-84B6-440C-A789-2EFE4CB62930}.Release|Any CPU.ActiveCfg = Release|Any CPU
		{9F429129-84B6-440C-A789-2EFE4CB62930}.Release|Any CPU.Build.0 = Release|Any CPU
		{50687E71-F68D-4A98-9EC7-141F033274E0}.Debug|Any CPU.ActiveCfg = Debug|Any CPU
		{50687E71-F68D-4A98-9EC7-141F033274E0}.Debug|Any CPU.Build.0 = Debug|Any CPU
		{50687E71-F68D-4A98-9EC7-141F033274E0}.Release|Any CPU.ActiveCfg = Release|Any CPU
		{50687E71-F68D-4A98-9EC7-141F033274E0}.Release|Any CPU.Build.0 = Release|Any CPU
		{DE7A6DE5-33A9-481E-8C7C-591A2F9E2006}.Debug|Any CPU.ActiveCfg = Debug|Any CPU
		{DE7A6DE5-33A9-481E-8C7C-591A2F9E2006}.Debug|Any CPU.Build.0 = Debug|Any CPU
		{DE7A6DE5-33A9-481E-8C7C-591A2F9E2006}.Release|Any CPU.ActiveCfg = Release|Any CPU
		{DE7A6DE5-33A9-481E-8C7C-591A2F9E2006}.Release|Any CPU.Build.0 = Release|Any CPU
		{42185633-143F-4898-90CB-196BA568E862}.Debug|Any CPU.ActiveCfg = Debug|Any CPU
		{42185633-143F-4898-90CB-196BA568E862}.Debug|Any CPU.Build.0 = Debug|Any CPU
		{42185633-143F-4898-90CB-196BA568E862}.Release|Any CPU.ActiveCfg = Release|Any CPU
		{42185633-143F-4898-90CB-196BA568E862}.Release|Any CPU.Build.0 = Release|Any CPU
	EndGlobalSection
	GlobalSection(SolutionProperties) = preSolution
		HideSolutionNode = FALSE
	EndGlobalSection
	GlobalSection(NestedProjects) = preSolution
		{8A1EEF2D-7BDE-4FE1-9177-B9A47F06E961} = {CAB97653-230A-402B-865C-0A59C699F295}
		{87EB67CD-F570-4061-99DA-543D84E3B83A} = {CAB97653-230A-402B-865C-0A59C699F295}
		{4D1DD678-1F28-4DA0-89A4-7C62F2281A5E} = {CAB97653-230A-402B-865C-0A59C699F295}
		{13D14FD5-A260-4B2F-8311-B44ADD6D1ACB} = {CAB97653-230A-402B-865C-0A59C699F295}
		{51AE7B17-7548-47BD-9AE8-3C1D88513F5E} = {CAB97653-230A-402B-865C-0A59C699F295}
		{0F09C82D-7B15-48D9-AA6F-1B927329D14A} = {CAB97653-230A-402B-865C-0A59C699F295}
		{D9EFAFC9-1930-46C7-A961-77C914B9C643} = {CAB97653-230A-402B-865C-0A59C699F295}
		{F7B69A1A-151A-4487-9DD0-1E4D0CFFC617} = {CAB97653-230A-402B-865C-0A59C699F295}
		{1C4506A3-1DA9-4DC2-98D6-2572CC5EB8CB} = {7390CD33-0012-48B0-8CA7-74EE44924542}
		{DC605DA0-E29D-4652-BAC2-4CD61C046065} = {7390CD33-0012-48B0-8CA7-74EE44924542}
		{4F772ADB-2013-407E-A4DC-E5A71BEE66F9} = {7390CD33-0012-48B0-8CA7-74EE44924542}
		{9F429129-84B6-440C-A789-2EFE4CB62930} = {7390CD33-0012-48B0-8CA7-74EE44924542}
		{50687E71-F68D-4A98-9EC7-141F033274E0} = {FAB0DF13-DE4B-4F6F-9158-7A3145B31DCA}
		{DE7A6DE5-33A9-481E-8C7C-591A2F9E2006} = {FAB0DF13-DE4B-4F6F-9158-7A3145B31DCA}
		{42185633-143F-4898-90CB-196BA568E862} = {7390CD33-0012-48B0-8CA7-74EE44924542}
	EndGlobalSection
	GlobalSection(ExtensibilityGlobals) = postSolution
		SolutionGuid = {2B747835-7411-45AA-B819-F4BA10316D55}
	EndGlobalSection
EndGlobal
